
Microsoft Visual Studio Solution File, Format Version 12.00
# Visual Studio 15
VisualStudioVersion = 15.0.28307.539
MinimumVisualStudioVersion = 10.0.40219.1
Project("{FAE04EC0-301F-11D3-BF4B-00C04F79EFBC}") = "EjemploCaja", "EjemploCaja\EjemploCaja.csproj", "{AFD00439-6F9E-4793-B7FE-877A13678487}"
EndProject
Project("{FAE04EC0-301F-11D3-BF4B-00C04F79EFBC}") = "UnitTestProject1", "UnitTestProject1\UnitTestProject1.csproj", "{9B9D8BE4-732C-452F-9A63-17FA0CAF49A9}"
EndProject
Global
	GlobalSection(SolutionConfigurationPlatforms) = preSolution
		Debug|Any CPU = Debug|Any CPU
		Release|Any CPU = Release|Any CPU
	EndGlobalSection
	GlobalSection(ProjectConfigurationPlatforms) = postSolution
		{AFD00439-6F9E-4793-B7FE-877A13678487}.Debug|Any CPU.ActiveCfg = Debug|Any CPU
		{AFD00439-6F9E-4793-B7FE-877A13678487}.Debug|Any CPU.Build.0 = Debug|Any CPU
		{AFD00439-6F9E-4793-B7FE-877A13678487}.Release|Any CPU.ActiveCfg = Release|Any CPU
		{AFD00439-6F9E-4793-B7FE-877A13678487}.Release|Any CPU.Build.0 = Release|Any CPU
		{9B9D8BE4-732C-452F-9A63-17FA0CAF49A9}.Debug|Any CPU.ActiveCfg = Debug|Any CPU
		{9B9D8BE4-732C-452F-9A63-17FA0CAF49A9}.Debug|Any CPU.Build.0 = Debug|Any CPU
		{9B9D8BE4-732C-452F-9A63-17FA0CAF49A9}.Release|Any CPU.ActiveCfg = Release|Any CPU
		{9B9D8BE4-732C-452F-9A63-17FA0CAF49A9}.Release|Any CPU.Build.0 = Release|Any CPU
	EndGlobalSection
	GlobalSection(SolutionProperties) = preSolution
		HideSolutionNode = FALSE
	EndGlobalSection
	GlobalSection(ExtensibilityGlobals) = postSolution
		SolutionGuid = {EE1167B2-F8D3-4B79-A435-D877734D0259}
	EndGlobalSection
EndGlobal
